
Microsoft Visual Studio Solution File, Format Version 12.00
# Visual Studio Version 16
VisualStudioVersion = 16.0.31702.278
MinimumVisualStudioVersion = 10.0.40219.1
Project("{FAE04EC0-301F-11D3-BF4B-00C04F79EFBC}") = "ejercicios_console4", "ejercicios_console4\ejercicios_console4.csproj", "{FCB7B9C5-FD3E-4C7A-94E0-77E750BF36FE}"
EndProject
Global
	GlobalSection(SolutionConfigurationPlatforms) = preSolution
		Debug|Any CPU = Debug|Any CPU
		Release|Any CPU = Release|Any CPU
	EndGlobalSection
	GlobalSection(ProjectConfigurationPlatforms) = postSolution
		{FCB7B9C5-FD3E-4C7A-94E0-77E750BF36FE}.Debug|Any CPU.ActiveCfg = Debug|Any CPU
		{FCB7B9C5-FD3E-4C7A-94E0-77E750BF36FE}.Debug|Any CPU.Build.0 = Debug|Any CPU
		{FCB7B9C5-FD3E-4C7A-94E0-77E750BF36FE}.Release|Any CPU.ActiveCfg = Release|Any CPU
		{FCB7B9C5-FD3E-4C7A-94E0-77E750BF36FE}.Release|Any CPU.Build.0 = Release|Any CPU
	EndGlobalSection
	GlobalSection(SolutionProperties) = preSolution
		HideSolutionNode = FALSE
	EndGlobalSection
	GlobalSection(ExtensibilityGlobals) = postSolution
		SolutionGuid = {195C0DB9-718A-409F-90CA-D91A5B1ABEBE}
	EndGlobalSection
EndGlobal
